
Microsoft Visual Studio Solution File, Format Version 12.00
# Visual Studio 15
VisualStudioVersion = 15.0.27130.2010
MinimumVisualStudioVersion = 10.0.40219.1
Project("{FAE04EC0-301F-11D3-BF4B-00C04F79EFBC}") = "Utilities.JsLibrary", "Utilities.JsLibrary\Utilities.JsLibrary.csproj", "{565BD76B-2F28-459D-B3E5-A7132E41F0C8}"
EndProject
Project("{FAE04EC0-301F-11D3-BF4B-00C04F79EFBC}") = "Utilities.Mongo", "Utilities.Mongo\Utilities.Mongo.csproj", "{1EAE996F-F40D-47CE-934E-2480FFBDA036}"
EndProject
Project("{FAE04EC0-301F-11D3-BF4B-00C04F79EFBC}") = "Utilities.Extension", "Utilities.Extension\Utilities.Extension.csproj", "{EC9E3B7C-ECA0-4E74-904C-88A0043161DD}"
EndProject
Project("{FAE04EC0-301F-11D3-BF4B-00C04F79EFBC}") = "Utilities.IO.File", "Utilities.IO.File\Utilities.IO.File.csproj", "{AB3A5179-434A-4538-9F12-FC0AE504C473}"
EndProject
Project("{FAE04EC0-301F-11D3-BF4B-00C04F79EFBC}") = "Utilities.Tencent.Map", "Utilities.Tencent.Map\Utilities.Tencent.Map.csproj", "{96AE9196-CD73-4D98-A460-A0FD201958A1}"
EndProject
Project("{FAE04EC0-301F-11D3-BF4B-00C04F79EFBC}") = "Utilities.WeChat.Subscription", "Utilities.WeChat.Subscription\Utilities.WeChat.Subscription.csproj", "{63AD9481-4116-420B-A032-C798E43722F0}"
EndProject
Project("{FAE04EC0-301F-11D3-BF4B-00C04F79EFBC}") = "Utilities.Attributes", "Utilities.Attributes\Utilities.Attributes.csproj", "{1589CCB6-C5C6-4F25-8B33-580BD9F7031D}"
EndProject
Project("{FAE04EC0-301F-11D3-BF4B-00C04F79EFBC}") = "Utilities.WeChat.Enterprise", "Utilities.WeChat.Enterprise\Utilities.WeChat.Enterprise.csproj", "{7F1C6C2E-8BDE-43F8-94FA-DA23B1EC89AC}"
EndProject
Project("{FAE04EC0-301F-11D3-BF4B-00C04F79EFBC}") = "Utilities.Container", "Utilities.Container\Utilities.Container.csproj", "{00806B82-687F-4719-98D7-7063E9921A90}"
EndProject
Project("{FAE04EC0-301F-11D3-BF4B-00C04F79EFBC}") = "Utilities.WindowSystem", "Utilities.WindowSystem\Utilities.WindowSystem.csproj", "{BF247FFC-ABCC-4840-A5E5-9474DF200AE3}"
EndProject
Project("{FAE04EC0-301F-11D3-BF4B-00C04F79EFBC}") = "Utilities.Net", "Utilities.Net\Utilities.Net.csproj", "{3D02D664-CADF-4FCE-B7B6-CEAA897C6968}"
EndProject
Project("{FAE04EC0-301F-11D3-BF4B-00C04F79EFBC}") = "Utilities.MVC", "Utilities.MVC\Utilities.MVC.csproj", "{1261F1D8-2BB3-41F3-9793-FA99ABC925F1}"
EndProject
Project("{2150E333-8FDC-42A3-9474-1A3956D46DE8}") = "微信", "微信", "{37FCEF76-1101-4926-ADC1-DE553E3FFDA7}"
EndProject
Project("{2150E333-8FDC-42A3-9474-1A3956D46DE8}") = "腾讯", "腾讯", "{51293D10-A3CA-48AE-90E2-5B82D4544509}"
EndProject
Project("{2150E333-8FDC-42A3-9474-1A3956D46DE8}") = "Ioc", "Ioc", "{90B88EA5-9851-4944-A78C-A0DCFFC484C3}"
EndProject
Project("{2150E333-8FDC-42A3-9474-1A3956D46DE8}") = "数据库", "数据库", "{D16E9BA4-60D3-4C32-AAFC-0A48162DA63D}"
EndProject
Project("{2150E333-8FDC-42A3-9474-1A3956D46DE8}") = "Asp.Net", "Asp.Net", "{F66D5F04-F8ED-4087-A10B-2853F18665D4}"
EndProject
Project("{2150E333-8FDC-42A3-9474-1A3956D46DE8}") = "网络编程", "网络编程", "{512F92C9-023E-47AD-B76B-8FF30ECBA408}"
EndProject
Project("{2150E333-8FDC-42A3-9474-1A3956D46DE8}") = "Tools", "Tools", "{E61748F4-1EB8-44FE-B80B-CDCD44F51E63}"
EndProject
Project("{2150E333-8FDC-42A3-9474-1A3956D46DE8}") = "前端Js", "前端Js", "{67C043CC-A796-466C-9FAF-9273720845E7}"
EndProject
Project("{2150E333-8FDC-42A3-9474-1A3956D46DE8}") = "系统", "系统", "{EFDA729A-97AF-411F-8636-F30C11A1E6B7}"
EndProject
Project("{2150E333-8FDC-42A3-9474-1A3956D46DE8}") = "扩展、特性", "扩展、特性", "{31AE9050-CF2C-4ADC-B897-E70CAEDD8286}"
EndProject
Project("{FAE04EC0-301F-11D3-BF4B-00C04F79EFBC}") = "Utilities.Ioc", "Utilities.Ioc\Utilities.Ioc.csproj", "{2288B72E-75CC-4D37-8A82-EB544257B9F4}"
EndProject
Project("{FAE04EC0-301F-11D3-BF4B-00C04F79EFBC}") = "Utilities.UnitTest", "Utilities.UnitTest\Utilities.UnitTest.csproj", "{90563310-D456-4400-8AD7-EDCD1CA9EA4E}"
EndProject
Project("{2150E333-8FDC-42A3-9474-1A3956D46DE8}") = "爬虫", "爬虫", "{4B3EDAC7-85AB-42A6-8BF8-08E8F9A86AE8}"
EndProject
Project("{FAE04EC0-301F-11D3-BF4B-00C04F79EFBC}") = "Utilities.ProxyTools", "Utilities.ProxyTools\Utilities.ProxyTools.csproj", "{9055224E-A1EC-4B8C-85EF-7034AA2A05E2}"
EndProject
Project("{FAE04EC0-301F-11D3-BF4B-00C04F79EFBC}") = "Utilities.Data", "Utilities.Data\Utilities.Data.csproj", "{2958C716-91F2-452D-B9A0-9998C497C841}"
EndProject
Project("{FAE04EC0-301F-11D3-BF4B-00C04F79EFBC}") = "Utilities.TestMain", "Utilities.TestMain\Utilities.TestMain.csproj", "{670435C8-47D9-447C-B39F-46917A9187F1}"
EndProject
Project("{FAE04EC0-301F-11D3-BF4B-00C04F79EFBC}") = "Utilities.SqlServer", "Utilities.SqlServer\Utilities.SqlServer.csproj", "{54030384-8053-4C5C-A513-973B68F2FFEE}"
EndProject
Global
	GlobalSection(SolutionConfigurationPlatforms) = preSolution
		Debug|Any CPU = Debug|Any CPU
		Release|Any CPU = Release|Any CPU
	EndGlobalSection
	GlobalSection(ProjectConfigurationPlatforms) = postSolution
		{565BD76B-2F28-459D-B3E5-A7132E41F0C8}.Debug|Any CPU.ActiveCfg = Debug|Any CPU
		{565BD76B-2F28-459D-B3E5-A7132E41F0C8}.Debug|Any CPU.Build.0 = Debug|Any CPU
		{565BD76B-2F28-459D-B3E5-A7132E41F0C8}.Release|Any CPU.ActiveCfg = Release|Any CPU
		{565BD76B-2F28-459D-B3E5-A7132E41F0C8}.Release|Any CPU.Build.0 = Release|Any CPU
		{1EAE996F-F40D-47CE-934E-2480FFBDA036}.Debug|Any CPU.ActiveCfg = Debug|Any CPU
		{1EAE996F-F40D-47CE-934E-2480FFBDA036}.Debug|Any CPU.Build.0 = Debug|Any CPU
		{1EAE996F-F40D-47CE-934E-2480FFBDA036}.Release|Any CPU.ActiveCfg = Release|Any CPU
		{1EAE996F-F40D-47CE-934E-2480FFBDA036}.Release|Any CPU.Build.0 = Release|Any CPU
		{EC9E3B7C-ECA0-4E74-904C-88A0043161DD}.Debug|Any CPU.ActiveCfg = Debug|Any CPU
		{EC9E3B7C-ECA0-4E74-904C-88A0043161DD}.Debug|Any CPU.Build.0 = Debug|Any CPU
		{EC9E3B7C-ECA0-4E74-904C-88A0043161DD}.Release|Any CPU.ActiveCfg = Release|Any CPU
		{EC9E3B7C-ECA0-4E74-904C-88A0043161DD}.Release|Any CPU.Build.0 = Release|Any CPU
		{AB3A5179-434A-4538-9F12-FC0AE504C473}.Debug|Any CPU.ActiveCfg = Debug|Any CPU
		{AB3A5179-434A-4538-9F12-FC0AE504C473}.Debug|Any CPU.Build.0 = Debug|Any CPU
		{AB3A5179-434A-4538-9F12-FC0AE504C473}.Release|Any CPU.ActiveCfg = Release|Any CPU
		{AB3A5179-434A-4538-9F12-FC0AE504C473}.Release|Any CPU.Build.0 = Release|Any CPU
		{96AE9196-CD73-4D98-A460-A0FD201958A1}.Debug|Any CPU.ActiveCfg = Debug|Any CPU
		{96AE9196-CD73-4D98-A460-A0FD201958A1}.Debug|Any CPU.Build.0 = Debug|Any CPU
		{96AE9196-CD73-4D98-A460-A0FD201958A1}.Release|Any CPU.ActiveCfg = Release|Any CPU
		{96AE9196-CD73-4D98-A460-A0FD201958A1}.Release|Any CPU.Build.0 = Release|Any CPU
		{63AD9481-4116-420B-A032-C798E43722F0}.Debug|Any CPU.ActiveCfg = Debug|Any CPU
		{63AD9481-4116-420B-A032-C798E43722F0}.Debug|Any CPU.Build.0 = Debug|Any CPU
		{63AD9481-4116-420B-A032-C798E43722F0}.Release|Any CPU.ActiveCfg = Release|Any CPU
		{63AD9481-4116-420B-A032-C798E43722F0}.Release|Any CPU.Build.0 = Release|Any CPU
		{1589CCB6-C5C6-4F25-8B33-580BD9F7031D}.Debug|Any CPU.ActiveCfg = Debug|Any CPU
		{1589CCB6-C5C6-4F25-8B33-580BD9F7031D}.Debug|Any CPU.Build.0 = Debug|Any CPU
		{1589CCB6-C5C6-4F25-8B33-580BD9F7031D}.Release|Any CPU.ActiveCfg = Release|Any CPU
		{1589CCB6-C5C6-4F25-8B33-580BD9F7031D}.Release|Any CPU.Build.0 = Release|Any CPU
		{7F1C6C2E-8BDE-43F8-94FA-DA23B1EC89AC}.Debug|Any CPU.ActiveCfg = Debug|Any CPU
		{7F1C6C2E-8BDE-43F8-94FA-DA23B1EC89AC}.Debug|Any CPU.Build.0 = Debug|Any CPU
		{7F1C6C2E-8BDE-43F8-94FA-DA23B1EC89AC}.Release|Any CPU.ActiveCfg = Release|Any CPU
		{7F1C6C2E-8BDE-43F8-94FA-DA23B1EC89AC}.Release|Any CPU.Build.0 = Release|Any CPU
		{00806B82-687F-4719-98D7-7063E9921A90}.Debug|Any CPU.ActiveCfg = Debug|Any CPU
		{00806B82-687F-4719-98D7-7063E9921A90}.Debug|Any CPU.Build.0 = Debug|Any CPU
		{00806B82-687F-4719-98D7-7063E9921A90}.Release|Any CPU.ActiveCfg = Release|Any CPU
		{00806B82-687F-4719-98D7-7063E9921A90}.Release|Any CPU.Build.0 = Release|Any CPU
		{BF247FFC-ABCC-4840-A5E5-9474DF200AE3}.Debug|Any CPU.ActiveCfg = Debug|Any CPU
		{BF247FFC-ABCC-4840-A5E5-9474DF200AE3}.Debug|Any CPU.Build.0 = Debug|Any CPU
		{BF247FFC-ABCC-4840-A5E5-9474DF200AE3}.Release|Any CPU.ActiveCfg = Release|Any CPU
		{BF247FFC-ABCC-4840-A5E5-9474DF200AE3}.Release|Any CPU.Build.0 = Release|Any CPU
		{3D02D664-CADF-4FCE-B7B6-CEAA897C6968}.Debug|Any CPU.ActiveCfg = Debug|Any CPU
		{3D02D664-CADF-4FCE-B7B6-CEAA897C6968}.Debug|Any CPU.Build.0 = Debug|Any CPU
		{3D02D664-CADF-4FCE-B7B6-CEAA897C6968}.Release|Any CPU.ActiveCfg = Release|Any CPU
		{3D02D664-CADF-4FCE-B7B6-CEAA897C6968}.Release|Any CPU.Build.0 = Release|Any CPU
		{1261F1D8-2BB3-41F3-9793-FA99ABC925F1}.Debug|Any CPU.ActiveCfg = Debug|Any CPU
		{1261F1D8-2BB3-41F3-9793-FA99ABC925F1}.Debug|Any CPU.Build.0 = Debug|Any CPU
		{1261F1D8-2BB3-41F3-9793-FA99ABC925F1}.Release|Any CPU.ActiveCfg = Release|Any CPU
		{1261F1D8-2BB3-41F3-9793-FA99ABC925F1}.Release|Any CPU.Build.0 = Release|Any CPU
		{2288B72E-75CC-4D37-8A82-EB544257B9F4}.Debug|Any CPU.ActiveCfg = Debug|Any CPU
		{2288B72E-75CC-4D37-8A82-EB544257B9F4}.Debug|Any CPU.Build.0 = Debug|Any CPU
		{2288B72E-75CC-4D37-8A82-EB544257B9F4}.Release|Any CPU.ActiveCfg = Release|Any CPU
		{2288B72E-75CC-4D37-8A82-EB544257B9F4}.Release|Any CPU.Build.0 = Release|Any CPU
		{90563310-D456-4400-8AD7-EDCD1CA9EA4E}.Debug|Any CPU.ActiveCfg = Debug|Any CPU
		{90563310-D456-4400-8AD7-EDCD1CA9EA4E}.Debug|Any CPU.Build.0 = Debug|Any CPU
		{90563310-D456-4400-8AD7-EDCD1CA9EA4E}.Release|Any CPU.ActiveCfg = Release|Any CPU
		{90563310-D456-4400-8AD7-EDCD1CA9EA4E}.Release|Any CPU.Build.0 = Release|Any CPU
		{9055224E-A1EC-4B8C-85EF-7034AA2A05E2}.Debug|Any CPU.ActiveCfg = Debug|Any CPU
		{9055224E-A1EC-4B8C-85EF-7034AA2A05E2}.Debug|Any CPU.Build.0 = Debug|Any CPU
		{9055224E-A1EC-4B8C-85EF-7034AA2A05E2}.Release|Any CPU.ActiveCfg = Release|Any CPU
		{9055224E-A1EC-4B8C-85EF-7034AA2A05E2}.Release|Any CPU.Build.0 = Release|Any CPU
		{2958C716-91F2-452D-B9A0-9998C497C841}.Debug|Any CPU.ActiveCfg = Debug|Any CPU
		{2958C716-91F2-452D-B9A0-9998C497C841}.Debug|Any CPU.Build.0 = Debug|Any CPU
		{2958C716-91F2-452D-B9A0-9998C497C841}.Release|Any CPU.ActiveCfg = Release|Any CPU
		{2958C716-91F2-452D-B9A0-9998C497C841}.Release|Any CPU.Build.0 = Release|Any CPU
		{670435C8-47D9-447C-B39F-46917A9187F1}.Debug|Any CPU.ActiveCfg = Debug|Any CPU
		{670435C8-47D9-447C-B39F-46917A9187F1}.Debug|Any CPU.Build.0 = Debug|Any CPU
		{670435C8-47D9-447C-B39F-46917A9187F1}.Release|Any CPU.ActiveCfg = Release|Any CPU
		{670435C8-47D9-447C-B39F-46917A9187F1}.Release|Any CPU.Build.0 = Release|Any CPU
		{54030384-8053-4C5C-A513-973B68F2FFEE}.Debug|Any CPU.ActiveCfg = Debug|Any CPU
		{54030384-8053-4C5C-A513-973B68F2FFEE}.Debug|Any CPU.Build.0 = Debug|Any CPU
		{54030384-8053-4C5C-A513-973B68F2FFEE}.Release|Any CPU.ActiveCfg = Release|Any CPU
		{54030384-8053-4C5C-A513-973B68F2FFEE}.Release|Any CPU.Build.0 = Release|Any CPU
	EndGlobalSection
	GlobalSection(SolutionProperties) = preSolution
		HideSolutionNode = FALSE
	EndGlobalSection
	GlobalSection(NestedProjects) = preSolution
		{565BD76B-2F28-459D-B3E5-A7132E41F0C8} = {67C043CC-A796-466C-9FAF-9273720845E7}
		{1EAE996F-F40D-47CE-934E-2480FFBDA036} = {D16E9BA4-60D3-4C32-AAFC-0A48162DA63D}
		{EC9E3B7C-ECA0-4E74-904C-88A0043161DD} = {31AE9050-CF2C-4ADC-B897-E70CAEDD8286}
		{AB3A5179-434A-4538-9F12-FC0AE504C473} = {EFDA729A-97AF-411F-8636-F30C11A1E6B7}
		{96AE9196-CD73-4D98-A460-A0FD201958A1} = {51293D10-A3CA-48AE-90E2-5B82D4544509}
		{63AD9481-4116-420B-A032-C798E43722F0} = {37FCEF76-1101-4926-ADC1-DE553E3FFDA7}
		{1589CCB6-C5C6-4F25-8B33-580BD9F7031D} = {31AE9050-CF2C-4ADC-B897-E70CAEDD8286}
		{7F1C6C2E-8BDE-43F8-94FA-DA23B1EC89AC} = {37FCEF76-1101-4926-ADC1-DE553E3FFDA7}
		{00806B82-687F-4719-98D7-7063E9921A90} = {E61748F4-1EB8-44FE-B80B-CDCD44F51E63}
		{BF247FFC-ABCC-4840-A5E5-9474DF200AE3} = {EFDA729A-97AF-411F-8636-F30C11A1E6B7}
		{3D02D664-CADF-4FCE-B7B6-CEAA897C6968} = {512F92C9-023E-47AD-B76B-8FF30ECBA408}
		{1261F1D8-2BB3-41F3-9793-FA99ABC925F1} = {F66D5F04-F8ED-4087-A10B-2853F18665D4}
		{2288B72E-75CC-4D37-8A82-EB544257B9F4} = {90B88EA5-9851-4944-A78C-A0DCFFC484C3}
		{9055224E-A1EC-4B8C-85EF-7034AA2A05E2} = {4B3EDAC7-85AB-42A6-8BF8-08E8F9A86AE8}
		{2958C716-91F2-452D-B9A0-9998C497C841} = {E61748F4-1EB8-44FE-B80B-CDCD44F51E63}
		{54030384-8053-4C5C-A513-973B68F2FFEE} = {D16E9BA4-60D3-4C32-AAFC-0A48162DA63D}
	EndGlobalSection
	GlobalSection(ExtensibilityGlobals) = postSolution
		SolutionGuid = {A0D1E186-B47A-4F37-95EB-AD275EA2232B}
	EndGlobalSection
EndGlobal
